# This file is generated by running "yarn install" inside your project.
# Manual changes might be lost - proceed with caution!

__metadata:
  version: 8
  cacheKey: 10c0

"@noble/ciphers@npm:^1.0.0":
  version: 1.3.0
  resolution: "@noble/ciphers@npm:1.3.0"
  checksum: 10c0/3ba6da645ce45e2f35e3b2e5c87ceba86b21dfa62b9466ede9edfb397f8116dae284f06652c0cd81d99445a2262b606632e868103d54ecc99fd946ae1af8cd37
  languageName: node
  linkType: hard

"@noble/hashes@npm:^1.6.0":
  version: 1.8.0
  resolution: "@noble/hashes@npm:1.8.0"
  checksum: 10c0/06a0b52c81a6fa7f04d67762e08b2c476a00285858150caeaaff4037356dd5e119f45b2a530f638b77a5eeca013168ec1b655db41bae3236cb2e9d511484fc77
  languageName: node
  linkType: hard

"@swc/helpers@npm:^0.5.12":
  version: 0.5.21
  resolution: "@swc/helpers@npm:0.5.21"
  dependencies:
    tslib: "npm:^2.8.0"
  checksum: 10c0/692018ec8a9f7ea5ea3fe576fea5af1a782c8bc1752fcb60f949b482fb2521609d1d3710908aebae67086f152e57d231d59b08f4653fd20a2e3e0fa4a34e6322
  languageName: node
  linkType: hard

"@types/node@npm:*, @types/node@npm:^20.0.0":
  version: 20.19.41
  resolution: "@types/node@npm:20.19.41"
  dependencies:
    undici-types: "npm:~6.21.0"
  checksum: 10c0/aa2a07317bbd700bea68d5784b403a738dbcebadbe2d8ef05649f7953065120d5d37f7edfdd7881df3a3bd15328c8a4dc46fdd69732ab540d552c505378c585b
  languageName: node
  linkType: hard

"@types/pdfkit@npm:^0.17.6":
  version: 0.17.6
  resolution: "@types/pdfkit@npm:0.17.6"
  dependencies:
    "@types/node": "npm:*"
  checksum: 10c0/78c86ec829ad54afab58340a40c7b126ddc378315f735eae786a68da5abd97be82d3b11a77a1fb3d0f53c654e3656a7ace715a544a6964d001836dfab696c4b1
  languageName: node
  linkType: hard

"base64-js@npm:0.0.8":
  version: 0.0.8
  resolution: "base64-js@npm:0.0.8"
  checksum: 10c0/60f02a9fdbbbb251c0a1064834d4062f5a3c4237edd9f0313282d75980a80ce303316795f7a80c8e240e524169644d88445ec0697b03f81ab9f4458090979375
  languageName: node
  linkType: hard

"base64-js@npm:^1.1.2, base64-js@npm:^1.3.0":
  version: 1.5.1
  resolution: "base64-js@npm:1.5.1"
  checksum: 10c0/f23823513b63173a001030fae4f2dabe283b99a9d324ade3ad3d148e218134676f1ee8568c877cd79ec1c53158dcf2d2ba527a97c606618928ba99dd930102bf
  languageName: node
  linkType: hard

"brotli@npm:^1.3.2":
  version: 1.3.3
  resolution: "brotli@npm:1.3.3"
  dependencies:
    base64-js: "npm:^1.1.2"
  checksum: 10c0/9d24e24f8b7eabf44af034ed5f7d5530008b835f09a107a84ac060723e86dd43c6aa68958691fe5df524f59473b35f5ce2e0854aa1152c0a254d1010f51bcf22
  languageName: node
  linkType: hard

"browserify-zlib@npm:^0.2.0":
  version: 0.2.0
  resolution: "browserify-zlib@npm:0.2.0"
  dependencies:
    pako: "npm:~1.0.5"
  checksum: 10c0/9ab10b6dc732c6c5ec8ebcbe5cb7fe1467f97402c9b2140113f47b5f187b9438f93a8e065d8baf8b929323c18324fbf1105af479ee86d9d36cab7d7ef3424ad9
  languageName: node
  linkType: hard

"clone@npm:^2.1.2":
  version: 2.1.2
  resolution: "clone@npm:2.1.2"
  checksum: 10c0/ed0601cd0b1606bc7d82ee7175b97e68d1dd9b91fd1250a3617b38d34a095f8ee0431d40a1a611122dcccb4f93295b4fdb94942aa763392b5fe44effa50c2d5e
  languageName: node
  linkType: hard

"dfa@npm:^1.2.0":
  version: 1.2.0
  resolution: "dfa@npm:1.2.0"
  checksum: 10c0/ad12f0bc73b530876672e0a9dfbaa350eeff0c876580042734a004e462eca86d7749b9dedf6b067ba54f346137ab23d16615826bbfa424a3e01ab0e2786fad3c
  languageName: node
  linkType: hard

"fast-deep-equal@npm:^3.1.3":
  version: 3.1.3
  resolution: "fast-deep-equal@npm:3.1.3"
  checksum: 10c0/40dedc862eb8992c54579c66d914635afbec43350afbbe991235fdcb4e3a8d5af1b23ae7e79bef7d4882d0ecee06c3197488026998fb19f72dc95acff1d1b1d0
  languageName: node
  linkType: hard

"fontkit@npm:^2.0.4":
  version: 2.0.4
  resolution: "fontkit@npm:2.0.4"
  dependencies:
    "@swc/helpers": "npm:^0.5.12"
    brotli: "npm:^1.3.2"
    clone: "npm:^2.1.2"
    dfa: "npm:^1.2.0"
    fast-deep-equal: "npm:^3.1.3"
    restructure: "npm:^3.0.0"
    tiny-inflate: "npm:^1.0.3"
    unicode-properties: "npm:^1.4.0"
    unicode-trie: "npm:^2.0.0"
  checksum: 10c0/e68940a0801daa53a4bd160fc49814eeea5eab4dc67225b43064548d35939be9f14de17213bc1a88064adf81b6dfbdb53bda7189df1d07a3ad044482e7fd55e4
  languageName: node
  linkType: hard

"js-md5@npm:^0.8.3":
  version: 0.8.3
  resolution: "js-md5@npm:0.8.3"
  checksum: 10c0/f7e41e95f8e5eb5eeb43085bec3832ae3dfe0020c42fcca5a4efe571213391a9e9594db31bd34624b7280af4f1f12c751b6a50074a15346ecf40a0d54115d77f
  languageName: node
  linkType: hard

"linebreak@npm:^1.1.0":
  version: 1.1.0
  resolution: "linebreak@npm:1.1.0"
  dependencies:
    base64-js: "npm:0.0.8"
    unicode-trie: "npm:^2.0.0"
  checksum: 10c0/b350c90d7b10db30345ed56cdb869548110ce73ccdc4337100eaee50755eed78e9823490e6f2d7ed0adde14f7ed2a12d8583015e072c54f34dc70b316fde133d
  languageName: node
  linkType: hard

"pako@npm:^0.2.5":
  version: 0.2.9
  resolution: "pako@npm:0.2.9"
  checksum: 10c0/79c1806ebcf325b60ae599e4d7227c2e346d7b829dc20f5cf24cef07c934079dc3a61c5b3c8278a2f7a190c4a613e343ea11e5302dbe252efd11712df4b6b041
  languageName: node
  linkType: hard

"pako@npm:~1.0.5":
  version: 1.0.11
  resolution: "pako@npm:1.0.11"
  checksum: 10c0/86dd99d8b34c3930345b8bbeb5e1cd8a05f608eeb40967b293f72fe469d0e9c88b783a8777e4cc7dc7c91ce54c5e93d88ff4b4f060e6ff18408fd21030d9ffbe
  languageName: node
  linkType: hard

"pdfkit-table@workspace:.":
  version: 0.0.0-use.local
  resolution: "pdfkit-table@workspace:."
  dependencies:
    "@types/node": "npm:^20.0.0"
    "@types/pdfkit": "npm:^0.17.6"
    pdfkit: "npm:^0.18.0"
    typescript: "npm:^6.0.3"
  languageName: unknown
  linkType: soft

"pdfkit@npm:^0.18.0":
  version: 0.18.0
  resolution: "pdfkit@npm:0.18.0"
  dependencies:
    "@noble/ciphers": "npm:^1.0.0"
    "@noble/hashes": "npm:^1.6.0"
    fontkit: "npm:^2.0.4"
    js-md5: "npm:^0.8.3"
    linebreak: "npm:^1.1.0"
    png-js: "npm:^1.0.0"
  checksum: 10c0/09a0e2eb704269603db397a199bcbb0bcae90e3e4a548b5f5009acf8baefb237a6adf524146805d10e96ed53abac34f7db4f534fdfc870c93a72d967660624ae
  languageName: node
  linkType: hard

"png-js@npm:^1.0.0":
  version: 1.1.0
  resolution: "png-js@npm:1.1.0"
  dependencies:
    browserify-zlib: "npm:^0.2.0"
  checksum: 10c0/61e275cb424b914fbc01c2a1b0096857f214c5fee45054c713dec1ad320760f4dd61f28bb0b3b0c139bd8c49def8891b02ca4018238e7b5f14bb671cd1ca7874
  languageName: node
  linkType: hard

"restructure@npm:^3.0.0":
  version: 3.0.2
  resolution: "restructure@npm:3.0.2"
  checksum: 10c0/f13536c094ba40a9af704e6a9fc030afd48d6112e9a3bec5f9cf5bad50416a22a7cf9aaece542bbac8c82204ad4901bf455e6204613abedbc075bc221ea6bdef
  languageName: node
  linkType: hard

"tiny-inflate@npm:^1.0.0, tiny-inflate@npm:^1.0.3":
  version: 1.0.3
  resolution: "tiny-inflate@npm:1.0.3"
  checksum: 10c0/fab687537254f6ec44c9a2e880048fe70da3542aba28f73cda3e74c95cabf342a339372f2a6c032e322324f01accc03ca26c04ba2bad9b3eb8cf3ee99bba7f9b
  languageName: node
  linkType: hard

"tslib@npm:^2.8.0":
  version: 2.8.1
  resolution: "tslib@npm:2.8.1"
  checksum: 10c0/9c4759110a19c53f992d9aae23aac5ced636e99887b51b9e61def52611732872ff7668757d4e4c61f19691e36f4da981cd9485e869b4a7408d689f6bf1f14e62
  languageName: node
  linkType: hard

"typescript@npm:^6.0.3":
  version: 6.0.3
  resolution: "typescript@npm:6.0.3"
  bin:
    tsc: bin/tsc
    tsserver: bin/tsserver
  checksum: 10c0/4a25ff5045b984370f48f196b3a0120779b1b343d40b9a68d114ea5e5fff099809b2bb777576991a63a5cd59cf7bffd96ff6fe10afcefbcb8bd6fb96ad4b6606
  languageName: node
  linkType: hard

"typescript@patch:typescript@npm%3A^6.0.3#optional!builtin<compat/typescript>":
  version: 6.0.3
  resolution: "typescript@patch:typescript@npm%3A6.0.3#optional!builtin<compat/typescript>::version=6.0.3&hash=5786d5"
  bin:
    tsc: bin/tsc
    tsserver: bin/tsserver
  checksum: 10c0/2f25c74e65663c248fa1ade2b8459d9ce5372ff9dad07067310f132966ebec1d93f6c42f0baf77a6b6a7a91460463f708e6887013aaade22111037457c6b25df
  languageName: node
  linkType: hard

"undici-types@npm:~6.21.0":
  version: 6.21.0
  resolution: "undici-types@npm:6.21.0"
  checksum: 10c0/c01ed51829b10aa72fc3ce64b747f8e74ae9b60eafa19a7b46ef624403508a54c526ffab06a14a26b3120d055e1104d7abe7c9017e83ced038ea5cf52f8d5e04
  languageName: node
  linkType: hard

"unicode-properties@npm:^1.4.0":
  version: 1.4.1
  resolution: "unicode-properties@npm:1.4.1"
  dependencies:
    base64-js: "npm:^1.3.0"
    unicode-trie: "npm:^2.0.0"
  checksum: 10c0/1d140b7945664fb0ef53de955170821e077b949eef377c6e4905902f07e339039271bfa2a005e4f4c6074b080d3420b486c52dc905e11f924949a04d1fb47ffd
  languageName: node
  linkType: hard

"unicode-trie@npm:^2.0.0":
  version: 2.0.0
  resolution: "unicode-trie@npm:2.0.0"
  dependencies:
    pako: "npm:^0.2.5"
    tiny-inflate: "npm:^1.0.0"
  checksum: 10c0/2422368645249f315640a1c9e9506046aa7738fc9c5d59e15c207cdd6ec66101c35b0b9f75dc3ac28fe7be19aaf1efc898bbea074fa1e8e295ef736aeb7904bb
  languageName: node
  linkType: hard
