# THIS IS AN AUTOGENERATED FILE. DO NOT EDIT THIS FILE DIRECTLY.
# yarn lockfile v1


"@noble/ciphers@^1.0.0":
  version "1.3.0"
  resolved "https://registry.npmjs.org/@noble/ciphers/-/ciphers-1.3.0.tgz"
  integrity sha512-2I0gnIVPtfnMw9ee9h1dJG7tp81+8Ob3OJb3Mv37rx5L40/b0i7djjCVvGOVqc9AEIQyvyu1i6ypKdFw8R8gQw==

"@noble/hashes@^1.6.0":
  version "1.8.0"
  resolved "https://registry.npmjs.org/@noble/hashes/-/hashes-1.8.0.tgz"
  integrity sha512-jCs9ldd7NwzpgXDIf6P3+NrHh9/sD6CQdxHyjQI+h/6rDNo88ypBxxz45UDuZHz9r3tNz7N/VInSVoVdtXEI4A==

"@swc/helpers@^0.5.12":
  version "0.5.21"
  resolved "https://registry.npmjs.org/@swc/helpers/-/helpers-0.5.21.tgz"
  integrity sha512-jI/VAmtdjB/RnI8GTnokyX7Ug8c+g+ffD6QRLa6XQewtnGyukKkKSk3wLTM3b5cjt1jNh9x0jfVlagdN2gDKQg==
  dependencies:
    tslib "^2.8.0"

"@types/node@*", "@types/node@^20.0.0":
  version "20.19.41"
  resolved "https://registry.npmjs.org/@types/node/-/node-20.19.41.tgz"
  integrity sha512-ECymXOukMnOoVkC2bb1Vc/w/836DXncOg5m8Xj1RH7xSHZJWNYY6Zh7EH477vcnD5egKNNfy2RpNOmuChhFPgQ==
  dependencies:
    undici-types "~6.21.0"

"@types/pdfkit@^0.17.6":
  version "0.17.6"
  resolved "https://registry.npmjs.org/@types/pdfkit/-/pdfkit-0.17.6.tgz"
  integrity sha512-tIwzxk2uWKp0Cq9JIluQXJid77lYhF52EsIOwhsMF4iWLA6YneoBR1xVKYYdAysHuepUB0OX4tdwMiUDdGKmig==
  dependencies:
    "@types/node" "*"

base64-js@^1.1.2, base64-js@^1.3.0:
  version "1.5.1"
  resolved "https://registry.npmjs.org/base64-js/-/base64-js-1.5.1.tgz"
  integrity sha512-AKpaYlHn8t4SVbOHCy+b5+KKgvR4vrsD8vbvrbiQJps7fKDTkjkDry6ji0rUJjC0kzbNePLwzxq8iypo41qeWA==

base64-js@0.0.8:
  version "0.0.8"
  resolved "https://registry.npmjs.org/base64-js/-/base64-js-0.0.8.tgz"
  integrity sha512-3XSA2cR/h/73EzlXXdU6YNycmYI7+kicTxks4eJg2g39biHR84slg2+des+p7iHYhbRg/udIS4TD53WabcOUkw==

brotli@^1.3.2:
  version "1.3.3"
  resolved "https://registry.npmjs.org/brotli/-/brotli-1.3.3.tgz"
  integrity sha512-oTKjJdShmDuGW94SyyaoQvAjf30dZaHnjJ8uAF+u2/vGJkJbJPJAT1gDiOJP5v1Zb6f9KEyW/1HpuaWIXtGHPg==
  dependencies:
    base64-js "^1.1.2"

browserify-zlib@^0.2.0:
  version "0.2.0"
  resolved "https://registry.npmjs.org/browserify-zlib/-/browserify-zlib-0.2.0.tgz"
  integrity sha512-Z942RysHXmJrhqk88FmKBVq/v5tqmSkDz7p54G/MGyjMnCFFnC79XWNbg+Vta8W6Wb2qtSZTSxIGkJrRpCFEiA==
  dependencies:
    pako "~1.0.5"

clone@^2.1.2:
  version "2.1.2"
  resolved "https://registry.npmjs.org/clone/-/clone-2.1.2.tgz"
  integrity sha512-3Pe/CF1Nn94hyhIYpjtiLhdCoEoz0DqQ+988E9gmeEdQZlojxnOb74wctFyuwWQHzqyf9X7C7MG8juUpqBJT8w==

dfa@^1.2.0:
  version "1.2.0"
  resolved "https://registry.npmjs.org/dfa/-/dfa-1.2.0.tgz"
  integrity sha512-ED3jP8saaweFTjeGX8HQPjeC1YYyZs98jGNZx6IiBvxW7JG5v492kamAQB3m2wop07CvU/RQmzcKr6bgcC5D/Q==

fast-deep-equal@^3.1.3:
  version "3.1.3"
  resolved "https://registry.npmjs.org/fast-deep-equal/-/fast-deep-equal-3.1.3.tgz"
  integrity sha512-f3qQ9oQy9j2AhBe/H9VC91wLmKBCCU/gDOnKNAYG5hswO7BLKj09Hc5HYNz9cGI++xlpDCIgDaitVs03ATR84Q==

fontkit@^2.0.4:
  version "2.0.4"
  resolved "https://registry.npmjs.org/fontkit/-/fontkit-2.0.4.tgz"
  integrity sha512-syetQadaUEDNdxdugga9CpEYVaQIxOwk7GlwZWWZ19//qW4zE5bknOKeMBDYAASwnpaSHKJITRLMF9m1fp3s6g==
  dependencies:
    "@swc/helpers" "^0.5.12"
    brotli "^1.3.2"
    clone "^2.1.2"
    dfa "^1.2.0"
    fast-deep-equal "^3.1.3"
    restructure "^3.0.0"
    tiny-inflate "^1.0.3"
    unicode-properties "^1.4.0"
    unicode-trie "^2.0.0"

js-md5@^0.8.3:
  version "0.8.3"
  resolved "https://registry.npmjs.org/js-md5/-/js-md5-0.8.3.tgz"
  integrity sha512-qR0HB5uP6wCuRMrWPTrkMaev7MJZwJuuw4fnwAzRgP4J4/F8RwtodOKpGp4XpqsLBFzzgqIO42efFAyz2Et6KQ==

linebreak@^1.1.0:
  version "1.1.0"
  resolved "https://registry.npmjs.org/linebreak/-/linebreak-1.1.0.tgz"
  integrity sha512-MHp03UImeVhB7XZtjd0E4n6+3xr5Dq/9xI/5FptGk5FrbDR3zagPa2DS6U8ks/3HjbKWG9Q1M2ufOzxV2qLYSQ==
  dependencies:
    base64-js "0.0.8"
    unicode-trie "^2.0.0"

pako@^0.2.5:
  version "0.2.9"
  resolved "https://registry.npmjs.org/pako/-/pako-0.2.9.tgz"
  integrity sha512-NUcwaKxUxWrZLpDG+z/xZaCgQITkA/Dv4V/T6bw7VON6l1Xz/VnrBqrYjZQ12TamKHzITTfOEIYUj48y2KXImA==

pako@~1.0.5:
  version "1.0.11"
  resolved "https://registry.npmjs.org/pako/-/pako-1.0.11.tgz"
  integrity sha512-4hLB8Py4zZce5s4yd9XzopqwVv/yGNhV1Bl8NTmCq1763HeK2+EwVTv+leGeL13Dnh2wfbqowVPXCIO0z4taYw==

pdfkit@^0.18.0:
  version "0.18.0"
  resolved "https://registry.npmjs.org/pdfkit/-/pdfkit-0.18.0.tgz"
  integrity sha512-NvUwSDZ0eYEzqAiWwVQkRkjYUkZ48kcsHuCO31ykqPPIVkwoSDjDGiwIgHHNtsiwls3z3P/zy4q00hl2chg2Ug==
  dependencies:
    "@noble/ciphers" "^1.0.0"
    "@noble/hashes" "^1.6.0"
    fontkit "^2.0.4"
    js-md5 "^0.8.3"
    linebreak "^1.1.0"
    png-js "^1.0.0"

png-js@^1.0.0:
  version "1.1.0"
  resolved "https://registry.npmjs.org/png-js/-/png-js-1.1.0.tgz"
  integrity sha512-PM/uYGzGdNSzqeOgly68+6wKQDL1SY0a/N+OEa/+br6LnHWOAJB0Npiamnodfq3jd2LS/i2fMeOKSAILjA+m5Q==
  dependencies:
    browserify-zlib "^0.2.0"

restructure@^3.0.0:
  version "3.0.2"
  resolved "https://registry.npmjs.org/restructure/-/restructure-3.0.2.tgz"
  integrity sha512-gSfoiOEA0VPE6Tukkrr7I0RBdE0s7H1eFCDBk05l1KIQT1UIKNc5JZy6jdyW6eYH3aR3g5b3PuL77rq0hvwtAw==

tiny-inflate@^1.0.0, tiny-inflate@^1.0.3:
  version "1.0.3"
  resolved "https://registry.npmjs.org/tiny-inflate/-/tiny-inflate-1.0.3.tgz"
  integrity sha512-pkY1fj1cKHb2seWDy0B16HeWyczlJA9/WW3u3c4z/NiWDsO3DOU5D7nhTLE9CF0yXv/QZFY7sEJmj24dK+Rrqw==

tslib@^2.8.0:
  version "2.8.1"
  resolved "https://registry.npmjs.org/tslib/-/tslib-2.8.1.tgz"
  integrity sha512-oJFu94HQb+KVduSUQL7wnpmqnfmLsOA/nAh6b6EH0wCEoK0/mPeXU6c3wKDV83MkOuHPRHtSXKKU99IBazS/2w==

typescript@^6.0.3:
  version "6.0.3"
  resolved "https://registry.npmjs.org/typescript/-/typescript-6.0.3.tgz"
  integrity sha512-y2TvuxSZPDyQakkFRPZHKFm+KKVqIisdg9/CZwm9ftvKXLP8NRWj38/ODjNbr43SsoXqNuAisEf1GdCxqWcdBw==

undici-types@~6.21.0:
  version "6.21.0"
  resolved "https://registry.npmjs.org/undici-types/-/undici-types-6.21.0.tgz"
  integrity sha512-iwDZqg0QAGrg9Rav5H4n0M64c3mkR59cJ6wQp+7C4nI0gsmExaedaYLNO44eT4AtBBwjbTiGPMlt2Md0T9H9JQ==

unicode-properties@^1.4.0:
  version "1.4.1"
  resolved "https://registry.npmjs.org/unicode-properties/-/unicode-properties-1.4.1.tgz"
  integrity sha512-CLjCCLQ6UuMxWnbIylkisbRj31qxHPAurvena/0iwSVbQ2G1VY5/HjV0IRabOEbDHlzZlRdCrD4NhB0JtU40Pg==
  dependencies:
    base64-js "^1.3.0"
    unicode-trie "^2.0.0"

unicode-trie@^2.0.0:
  version "2.0.0"
  resolved "https://registry.npmjs.org/unicode-trie/-/unicode-trie-2.0.0.tgz"
  integrity sha512-x7bc76x0bm4prf1VLg79uhAzKw8DVboClSN5VxJuQ+LKDOVEW9CdH+VY7SP+vX7xCYQqzzgQpFqz15zeLvAtZQ==
  dependencies:
    pako "^0.2.5"
    tiny-inflate "^1.0.0"
